
Microsoft Visual Studio Solution File, Format Version 12.00
# Visual Studio Version 16
VisualStudioVersion = 16.0.29926.136
MinimumVisualStudioVersion = 10.0.40219.1
Project("{9A19103F-16F7-4668-BE54-9A1E7A4F7556}") = "StudentRegister", "StudentRegister.csproj", "{ACD7D198-70C5-4F97-9CE5-E24903A7EA9C}"
EndProject
Project("{9A19103F-16F7-4668-BE54-9A1E7A4F7556}") = "StudentRegister.Data", "..\StudentRegister.Data\StudentRegister.Data.csproj", "{325171E6-058F-4677-A3B9-737D99F35BC6}"
EndProject
Project("{FAE04EC0-301F-11D3-BF4B-00C04F79EFBC}") = "StudentRegister.Services", "..\StudentRegister.Services\StudentRegister.Services.csproj", "{FED1E670-A12C-4F3B-8567-C636C8017325}"
EndProject
Global
	GlobalSection(SolutionConfigurationPlatforms) = preSolution
		Debug|Any CPU = Debug|Any CPU
		Release|Any CPU = Release|Any CPU
	EndGlobalSection
	GlobalSection(ProjectConfigurationPlatforms) = postSolution
		{ACD7D198-70C5-4F97-9CE5-E24903A7EA9C}.Debug|Any CPU.ActiveCfg = Debug|Any CPU
		{ACD7D198-70C5-4F97-9CE5-E24903A7EA9C}.Debug|Any CPU.Build.0 = Debug|Any CPU
		{ACD7D198-70C5-4F97-9CE5-E24903A7EA9C}.Release|Any CPU.ActiveCfg = Release|Any CPU
		{ACD7D198-70C5-4F97-9CE5-E24903A7EA9C}.Release|Any CPU.Build.0 = Release|Any CPU
		{325171E6-058F-4677-A3B9-737D99F35BC6}.Debug|Any CPU.ActiveCfg = Debug|Any CPU
		{325171E6-058F-4677-A3B9-737D99F35BC6}.Debug|Any CPU.Build.0 = Debug|Any CPU
		{325171E6-058F-4677-A3B9-737D99F35BC6}.Release|Any CPU.ActiveCfg = Release|Any CPU
		{325171E6-058F-4677-A3B9-737D99F35BC6}.Release|Any CPU.Build.0 = Release|Any CPU
		{FED1E670-A12C-4F3B-8567-C636C8017325}.Debug|Any CPU.ActiveCfg = Debug|Any CPU
		{FED1E670-A12C-4F3B-8567-C636C8017325}.Debug|Any CPU.Build.0 = Debug|Any CPU
		{FED1E670-A12C-4F3B-8567-C636C8017325}.Release|Any CPU.ActiveCfg = Release|Any CPU
		{FED1E670-A12C-4F3B-8567-C636C8017325}.Release|Any CPU.Build.0 = Release|Any CPU
	EndGlobalSection
	GlobalSection(SolutionProperties) = preSolution
		HideSolutionNode = FALSE
	EndGlobalSection
	GlobalSection(ExtensibilityGlobals) = postSolution
		SolutionGuid = {F15587BB-8420-4947-94EE-DAA9934ECB9D}
	EndGlobalSection
EndGlobal
